// !$*UTF8*$!
{
	archiveVersion = 1;
	classes = {
	};
	objectVersion = 46;
	objects = {

/* Begin PBXBuildFile section */
		A102F66B1CA9CCF7001359A5 /* AppDelegate.swift in Sources */ = {isa = PBXBuildFile; fileRef = A102F66A1CA9CCF7001359A5 /* AppDelegate.swift */; };
		A102F66D1CA9CCF7001359A5 /* ViewController.swift in Sources */ = {isa = PBXBuildFile; fileRef = A102F66C1CA9CCF7001359A5 /* ViewController.swift */; };
		A102F6721CA9CCF7001359A5 /* Assets.xcassets in Resources */ = {isa = PBXBuildFile; fileRef = A102F6711CA9CCF7001359A5 /* Assets.xcassets */; };
		A102F6751CA9CCF7001359A5 /* LaunchScreen.storyboard in Resources */ = {isa = PBXBuildFile; fileRef = A102F6731CA9CCF7001359A5 /* LaunchScreen.storyboard */; };
		A102F6801CA9CCF8001359A5 /* ConsumoSOAPTests.swift in Sources */ = {isa = PBXBuildFile; fileRef = A102F67F1CA9CCF8001359A5 /* ConsumoSOAPTests.swift */; };
		A13603C61CAEE6580032A19A /* ConsultaProductos.swift in Sources */ = {isa = PBXBuildFile; fileRef = A13603C51CAEE6580032A19A /* ConsultaProductos.swift */; };
		A13603C81CAEFB3D0032A19A /* Producto.swift in Sources */ = {isa = PBXBuildFile; fileRef = A13603C71CAEFB3D0032A19A /* Producto.swift */; };
		A13603CF1CAF20770032A19A /* ProductoView.swift in Sources */ = {isa = PBXBuildFile; fileRef = A13603CE1CAF20770032A19A /* ProductoView.swift */; };
		A13603D11CB2C50D0032A19A /* Casilla.swift in Sources */ = {isa = PBXBuildFile; fileRef = A13603D01CB2C50D0032A19A /* Casilla.swift */; };
		A13603D31CB2D4B10032A19A /* Lonchera.swift in Sources */ = {isa = PBXBuildFile; fileRef = A13603D21CB2D4B10032A19A /* Lonchera.swift */; };
		A13603D51CB2FDD10032A19A /* DeslizadorViewController.swift in Sources */ = {isa = PBXBuildFile; fileRef = A13603D41CB2FDD10032A19A /* DeslizadorViewController.swift */; };
		A139AB8B1CBE8C3900A32EFC /* CargaSecuencia.swift in Sources */ = {isa = PBXBuildFile; fileRef = A139AB8A1CBE8C3900A32EFC /* CargaSecuencia.swift */; };
		A15BBD041CB425850043CD9B /* DatosC.swift in Sources */ = {isa = PBXBuildFile; fileRef = A15BBD031CB425840043CD9B /* DatosC.swift */; };
		A15BBD0A1CB4452B0043CD9B /* Main.storyboard in Resources */ = {isa = PBXBuildFile; fileRef = A15BBD081CB4452B0043CD9B /* Main.storyboard */; };
		A17788421CBFEBD200BEF5A5 /* VistaLonchera.swift in Sources */ = {isa = PBXBuildFile; fileRef = A17788411CBFEBD200BEF5A5 /* VistaLonchera.swift */; };
		A17788441CBFF0C400BEF5A5 /* Contenedor.swift in Sources */ = {isa = PBXBuildFile; fileRef = A17788431CBFF0C400BEF5A5 /* Contenedor.swift */; };
		A17788461CBFF2EF00BEF5A5 /* LoncheraO.swift in Sources */ = {isa = PBXBuildFile; fileRef = A17788451CBFF2EF00BEF5A5 /* LoncheraO.swift */; };
		A17788481CC002CE00BEF5A5 /* SubVista.swift in Sources */ = {isa = PBXBuildFile; fileRef = A17788471CC002CE00BEF5A5 /* SubVista.swift */; };
		A17982D81CDCEC9F00558C55 /* TipoInfo.swift in Sources */ = {isa = PBXBuildFile; fileRef = A17982D71CDCEC9F00558C55 /* TipoInfo.swift */; };
		A17982DA1CDCF13100558C55 /* CargaTInfo.swift in Sources */ = {isa = PBXBuildFile; fileRef = A17982D91CDCF13100558C55 /* CargaTInfo.swift */; };
		A17B556D1CE3741100FA2353 /* Año.swift in Sources */ = {isa = PBXBuildFile; fileRef = A17B556C1CE3741100FA2353 /* Año.swift */; };
		A17B556F1CE3A0BB00FA2353 /* Semana.swift in Sources */ = {isa = PBXBuildFile; fileRef = A17B556E1CE3A0BB00FA2353 /* Semana.swift */; };
		A17B55711CE3D8E500FA2353 /* Dia.swift in Sources */ = {isa = PBXBuildFile; fileRef = A17B55701CE3D8E500FA2353 /* Dia.swift */; };
		A1857DEC1CE287DF00D6966D /* Calendario.swift in Sources */ = {isa = PBXBuildFile; fileRef = A1857DEB1CE287DF00D6966D /* Calendario.swift */; };
		A1857DEE1CE28B6200D6966D /* Mes.swift in Sources */ = {isa = PBXBuildFile; fileRef = A1857DED1CE28B6200D6966D /* Mes.swift */; };
		A1857DF01CE28DC800D6966D /* MesScroll.swift in Sources */ = {isa = PBXBuildFile; fileRef = A1857DEF1CE28DC800D6966D /* MesScroll.swift */; };
		A18878B21CBBECB400737085 /* PantallaP.swift in Sources */ = {isa = PBXBuildFile; fileRef = A18878B11CBBECB400737085 /* PantallaP.swift */; };
		A18878B41CBC03C600737085 /* VistaNino.swift in Sources */ = {isa = PBXBuildFile; fileRef = A18878B31CBC03C600737085 /* VistaNino.swift */; };
		A18878B61CBC055700737085 /* BotonNino.swift in Sources */ = {isa = PBXBuildFile; fileRef = A18878B51CBC055700737085 /* BotonNino.swift */; };
		A18878B81CBC266600737085 /* CreaNino.swift in Sources */ = {isa = PBXBuildFile; fileRef = A18878B71CBC266600737085 /* CreaNino.swift */; };
		A196B5691CE4D19A00DDD816 /* LoncheraView.swift in Sources */ = {isa = PBXBuildFile; fileRef = A196B5681CE4D19A00DDD816 /* LoncheraView.swift */; };
		A19747821CDA7F9600656813 /* Contador.swift in Sources */ = {isa = PBXBuildFile; fileRef = A19747811CDA7F9600656813 /* Contador.swift */; };
		A19834F51CBD46030099D815 /* Predeterminadas.swift in Sources */ = {isa = PBXBuildFile; fileRef = A19834F41CBD46020099D815 /* Predeterminadas.swift */; };
		A19834F71CBD52EB0099D815 /* Caja.swift in Sources */ = {isa = PBXBuildFile; fileRef = A19834F61CBD52EB0099D815 /* Caja.swift */; };
		A19834F91CBD54460099D815 /* CargaCajas.swift in Sources */ = {isa = PBXBuildFile; fileRef = A19834F81CBD54460099D815 /* CargaCajas.swift */; };
		A19834FB1CBD7E810099D815 /* CajaView.swift in Sources */ = {isa = PBXBuildFile; fileRef = A19834FA1CBD7E810099D815 /* CajaView.swift */; };
		A1A0820D1CBD841A001C0AD2 /* Secuencia.swift in Sources */ = {isa = PBXBuildFile; fileRef = A1A0820C1CBD841A001C0AD2 /* Secuencia.swift */; };
		A1A0820F1CBD845E001C0AD2 /* TItems.swift in Sources */ = {isa = PBXBuildFile; fileRef = A1A0820E1CBD845E001C0AD2 /* TItems.swift */; };
		A1A082111CBD8F42001C0AD2 /* CargaTItems.swift in Sources */ = {isa = PBXBuildFile; fileRef = A1A082101CBD8F42001C0AD2 /* CargaTItems.swift */; };
		A1A605C31CC81BD000FE9AC7 /* PestanasProductos.swift in Sources */ = {isa = PBXBuildFile; fileRef = A1A605C21CC81BD000FE9AC7 /* PestanasProductos.swift */; };
		A1A605C51CC8204900FE9AC7 /* VistaPestana.swift in Sources */ = {isa = PBXBuildFile; fileRef = A1A605C41CC8204900FE9AC7 /* VistaPestana.swift */; };
		A1A605C71CC8264200FE9AC7 /* ContenedorProductos.swift in Sources */ = {isa = PBXBuildFile; fileRef = A1A605C61CC8264200FE9AC7 /* ContenedorProductos.swift */; };
		A1ABBFF91CE27ED30098D805 /* PantallaSV.swift in Sources */ = {isa = PBXBuildFile; fileRef = A1ABBFF81CE27ED30098D805 /* PantallaSV.swift */; };
/* End PBXBuildFile section */

/* Begin PBXContainerItemProxy section */
		A102F67C1CA9CCF8001359A5 /* PBXContainerItemProxy */ = {
			isa = PBXContainerItemProxy;
			containerPortal = A102F65F1CA9CCF7001359A5 /* Project object */;
			proxyType = 1;
			remoteGlobalIDString = A102F6661CA9CCF7001359A5;
			remoteInfo = ConsumoSOAP;
		};
/* End PBXContainerItemProxy section */

/* Begin PBXFileReference section */
		A102F6671CA9CCF7001359A5 /* ConsumoSOAP.app */ = {isa = PBXFileReference; explicitFileType = wrapper.application; includeInIndex = 0; path = ConsumoSOAP.app; sourceTree = BUILT_PRODUCTS_DIR; };
		A102F66A1CA9CCF7001359A5 /* AppDelegate.swift */ = {isa = PBXFileReference; lastKnownFileType = sourcecode.swift; path = AppDelegate.swift; sourceTree = "<group>"; };
		A102F66C1CA9CCF7001359A5 /* ViewController.swift */ = {isa = PBXFileReference; lastKnownFileType = sourcecode.swift; path = ViewController.swift; sourceTree = "<group>"; };
		A102F6711CA9CCF7001359A5 /* Assets.xcassets */ = {isa = PBXFileReference; lastKnownFileType = folder.assetcatalog; path = Assets.xcassets; sourceTree = "<group>"; };
		A102F6741CA9CCF7001359A5 /* Base */ = {isa = PBXFileReference; lastKnownFileType = file.storyboard; name = Base; path = Base.lproj/LaunchScreen.storyboard; sourceTree = "<group>"; };
		A102F6761CA9CCF7001359A5 /* Info.plist */ = {isa = PBXFileReference; lastKnownFileType = text.plist.xml; path = Info.plist; sourceTree = "<group>"; };
		A102F67B1CA9CCF8001359A5 /* ConsumoSOAPTests.xctest */ = {isa = PBXFileReference; explicitFileType = wrapper.cfbundle; includeInIndex = 0; path = ConsumoSOAPTests.xctest; sourceTree = BUILT_PRODUCTS_DIR; };
		A102F67F1CA9CCF8001359A5 /* ConsumoSOAPTests.swift */ = {isa = PBXFileReference; lastKnownFileType = sourcecode.swift; path = ConsumoSOAPTests.swift; sourceTree = "<group>"; };
		A102F6811CA9CCF8001359A5 /* Info.plist */ = {isa = PBXFileReference; lastKnownFileType = text.plist.xml; path = Info.plist; sourceTree = "<group>"; };
		A13603C51CAEE6580032A19A /* ConsultaProductos.swift */ = {isa = PBXFileReference; fileEncoding = 4; lastKnownFileType = sourcecode.swift; path = ConsultaProductos.swift; sourceTree = "<group>"; };
		A13603C71CAEFB3D0032A19A /* Producto.swift */ = {isa = PBXFileReference; fileEncoding = 4; lastKnownFileType = sourcecode.swift; path = Producto.swift; sourceTree = "<group>"; };
		A13603CE1CAF20770032A19A /* ProductoView.swift */ = {isa = PBXFileReference; fileEncoding = 4; lastKnownFileType = sourcecode.swift; path = ProductoView.swift; sourceTree = "<group>"; };
		A13603D01CB2C50D0032A19A /* Casilla.swift */ = {isa = PBXFileReference; fileEncoding = 4; lastKnownFileType = sourcecode.swift; path = Casilla.swift; sourceTree = "<group>"; };
		A13603D21CB2D4B10032A19A /* Lonchera.swift */ = {isa = PBXFileReference; fileEncoding = 4; lastKnownFileType = sourcecode.swift; path = Lonchera.swift; sourceTree = "<group>"; };
		A13603D41CB2FDD10032A19A /* DeslizadorViewController.swift */ = {isa = PBXFileReference; fileEncoding = 4; lastKnownFileType = sourcecode.swift; path = DeslizadorViewController.swift; sourceTree = "<group>"; };
		A139AB8A1CBE8C3900A32EFC /* CargaSecuencia.swift */ = {isa = PBXFileReference; fileEncoding = 4; lastKnownFileType = sourcecode.swift; path = CargaSecuencia.swift; sourceTree = "<group>"; };
		A15BBD031CB425840043CD9B /* DatosC.swift */ = {isa = PBXFileReference; fileEncoding = 4; lastKnownFileType = sourcecode.swift; path = DatosC.swift; sourceTree = "<group>"; };
		A15BBD091CB4452B0043CD9B /* Base */ = {isa = PBXFileReference; lastKnownFileType = file.storyboard; name = Base; path = Base.lproj/Main.storyboard; sourceTree = "<group>"; };
		A17788411CBFEBD200BEF5A5 /* VistaLonchera.swift */ = {isa = PBXFileReference; fileEncoding = 4; lastKnownFileType = sourcecode.swift; path = VistaLonchera.swift; sourceTree = "<group>"; };
		A17788431CBFF0C400BEF5A5 /* Contenedor.swift */ = {isa = PBXFileReference; fileEncoding = 4; lastKnownFileType = sourcecode.swift; path = Contenedor.swift; sourceTree = "<group>"; };
		A17788451CBFF2EF00BEF5A5 /* LoncheraO.swift */ = {isa = PBXFileReference; fileEncoding = 4; lastKnownFileType = sourcecode.swift; path = LoncheraO.swift; sourceTree = "<group>"; };
		A17788471CC002CE00BEF5A5 /* SubVista.swift */ = {isa = PBXFileReference; fileEncoding = 4; lastKnownFileType = sourcecode.swift; path = SubVista.swift; sourceTree = "<group>"; };
		A17982D71CDCEC9F00558C55 /* TipoInfo.swift */ = {isa = PBXFileReference; fileEncoding = 4; lastKnownFileType = sourcecode.swift; path = TipoInfo.swift; sourceTree = "<group>"; };
		A17982D91CDCF13100558C55 /* CargaTInfo.swift */ = {isa = PBXFileReference; fileEncoding = 4; lastKnownFileType = sourcecode.swift; path = CargaTInfo.swift; sourceTree = "<group>"; };
		A17B556C1CE3741100FA2353 /* Año.swift */ = {isa = PBXFileReference; fileEncoding = 4; lastKnownFileType = sourcecode.swift; path = "Año.swift"; sourceTree = "<group>"; };
		A17B556E1CE3A0BB00FA2353 /* Semana.swift */ = {isa = PBXFileReference; fileEncoding = 4; lastKnownFileType = sourcecode.swift; path = Semana.swift; sourceTree = "<group>"; };
		A17B55701CE3D8E500FA2353 /* Dia.swift */ = {isa = PBXFileReference; fileEncoding = 4; lastKnownFileType = sourcecode.swift; path = Dia.swift; sourceTree = "<group>"; };
		A1857DEB1CE287DF00D6966D /* Calendario.swift */ = {isa = PBXFileReference; fileEncoding = 4; lastKnownFileType = sourcecode.swift; path = Calendario.swift; sourceTree = "<group>"; };
		A1857DED1CE28B6200D6966D /* Mes.swift */ = {isa = PBXFileReference; fileEncoding = 4; lastKnownFileType = sourcecode.swift; path = Mes.swift; sourceTree = "<group>"; };
		A1857DEF1CE28DC800D6966D /* MesScroll.swift */ = {isa = PBXFileReference; fileEncoding = 4; lastKnownFileType = sourcecode.swift; path = MesScroll.swift; sourceTree = "<group>"; };
		A18878B11CBBECB400737085 /* PantallaP.swift */ = {isa = PBXFileReference; fileEncoding = 4; lastKnownFileType = sourcecode.swift; path = PantallaP.swift; sourceTree = "<group>"; };
		A18878B31CBC03C600737085 /* VistaNino.swift */ = {isa = PBXFileReference; fileEncoding = 4; lastKnownFileType = sourcecode.swift; path = VistaNino.swift; sourceTree = "<group>"; };
		A18878B51CBC055700737085 /* BotonNino.swift */ = {isa = PBXFileReference; fileEncoding = 4; lastKnownFileType = sourcecode.swift; path = BotonNino.swift; sourceTree = "<group>"; };
		A18878B71CBC266600737085 /* CreaNino.swift */ = {isa = PBXFileReference; fileEncoding = 4; lastKnownFileType = sourcecode.swift; path = CreaNino.swift; sourceTree = "<group>"; };
		A196B5681CE4D19A00DDD816 /* LoncheraView.swift */ = {isa = PBXFileReference; fileEncoding = 4; lastKnownFileType = sourcecode.swift; path = LoncheraView.swift; sourceTree = "<group>"; };
		A19747811CDA7F9600656813 /* Contador.swift */ = {isa = PBXFileReference; fileEncoding = 4; lastKnownFileType = sourcecode.swift; path = Contador.swift; sourceTree = "<group>"; };
		A19834F41CBD46020099D815 /* Predeterminadas.swift */ = {isa = PBXFileReference; fileEncoding = 4; lastKnownFileType = sourcecode.swift; path = Predeterminadas.swift; sourceTree = "<group>"; };
		A19834F61CBD52EB0099D815 /* Caja.swift */ = {isa = PBXFileReference; fileEncoding = 4; lastKnownFileType = sourcecode.swift; path = Caja.swift; sourceTree = "<group>"; };
		A19834F81CBD54460099D815 /* CargaCajas.swift */ = {isa = PBXFileReference; fileEncoding = 4; lastKnownFileType = sourcecode.swift; path = CargaCajas.swift; sourceTree = "<group>"; };
		A19834FA1CBD7E810099D815 /* CajaView.swift */ = {isa = PBXFileReference; fileEncoding = 4; lastKnownFileType = sourcecode.swift; path = CajaView.swift; sourceTree = "<group>"; };
		A1A0820C1CBD841A001C0AD2 /* Secuencia.swift */ = {isa = PBXFileReference; fileEncoding = 4; lastKnownFileType = sourcecode.swift; path = Secuencia.swift; sourceTree = "<group>"; };
		A1A0820E1CBD845E001C0AD2 /* TItems.swift */ = {isa = PBXFileReference; fileEncoding = 4; lastKnownFileType = sourcecode.swift; path = TItems.swift; sourceTree = "<group>"; };
		A1A082101CBD8F42001C0AD2 /* CargaTItems.swift */ = {isa = PBXFileReference; fileEncoding = 4; lastKnownFileType = sourcecode.swift; path = CargaTItems.swift; sourceTree = "<group>"; };
		A1A605C21CC81BD000FE9AC7 /* PestanasProductos.swift */ = {isa = PBXFileReference; fileEncoding = 4; lastKnownFileType = sourcecode.swift; path = PestanasProductos.swift; sourceTree = "<group>"; };
		A1A605C41CC8204900FE9AC7 /* VistaPestana.swift */ = {isa = PBXFileReference; fileEncoding = 4; lastKnownFileType = sourcecode.swift; path = VistaPestana.swift; sourceTree = "<group>"; };
		A1A605C61CC8264200FE9AC7 /* ContenedorProductos.swift */ = {isa = PBXFileReference; fileEncoding = 4; lastKnownFileType = sourcecode.swift; path = ContenedorProductos.swift; sourceTree = "<group>"; };
		A1ABBFF81CE27ED30098D805 /* PantallaSV.swift */ = {isa = PBXFileReference; fileEncoding = 4; lastKnownFileType = sourcecode.swift; path = PantallaSV.swift; sourceTree = "<group>"; };
/* End PBXFileReference section */

/* Begin PBXFrameworksBuildPhase section */
		A102F6641CA9CCF7001359A5 /* Frameworks */ = {
			isa = PBXFrameworksBuildPhase;
			buildActionMask = 2147483647;
			files = (
			);
			runOnlyForDeploymentPostprocessing = 0;
		};
		A102F6781CA9CCF8001359A5 /* Frameworks */ = {
			isa = PBXFrameworksBuildPhase;
			buildActionMask = 2147483647;
			files = (
			);
			runOnlyForDeploymentPostprocessing = 0;
		};
/* End PBXFrameworksBuildPhase section */

/* Begin PBXGroup section */
		A102F65E1CA9CCF7001359A5 = {
			isa = PBXGroup;
			children = (
				A102F6691CA9CCF7001359A5 /* ConsumoSOAP */,
				A102F67E1CA9CCF8001359A5 /* ConsumoSOAPTests */,
				A102F6681CA9CCF7001359A5 /* Products */,
			);
			sourceTree = "<group>";
		};
		A102F6681CA9CCF7001359A5 /* Products */ = {
			isa = PBXGroup;
			children = (
				A102F6671CA9CCF7001359A5 /* ConsumoSOAP.app */,
				A102F67B1CA9CCF8001359A5 /* ConsumoSOAPTests.xctest */,
			);
			name = Products;
			sourceTree = "<group>";
		};
		A102F6691CA9CCF7001359A5 /* ConsumoSOAP */ = {
			isa = PBXGroup;
			children = (
				A15BBD081CB4452B0043CD9B /* Main.storyboard */,
				A102F66C1CA9CCF7001359A5 /* ViewController.swift */,
				A102F66A1CA9CCF7001359A5 /* AppDelegate.swift */,
				A102F6711CA9CCF7001359A5 /* Assets.xcassets */,
				A102F6731CA9CCF7001359A5 /* LaunchScreen.storyboard */,
				A102F6761CA9CCF7001359A5 /* Info.plist */,
				A13603C51CAEE6580032A19A /* ConsultaProductos.swift */,
				A17982D91CDCF13100558C55 /* CargaTInfo.swift */,
				A13603C71CAEFB3D0032A19A /* Producto.swift */,
				A13603CE1CAF20770032A19A /* ProductoView.swift */,
				A13603D01CB2C50D0032A19A /* Casilla.swift */,
				A13603D21CB2D4B10032A19A /* Lonchera.swift */,
				A13603D41CB2FDD10032A19A /* DeslizadorViewController.swift */,
				A18878B11CBBECB400737085 /* PantallaP.swift */,
				A15BBD031CB425840043CD9B /* DatosC.swift */,
				A18878B31CBC03C600737085 /* VistaNino.swift */,
				A18878B51CBC055700737085 /* BotonNino.swift */,
				A18878B71CBC266600737085 /* CreaNino.swift */,
				A19834F41CBD46020099D815 /* Predeterminadas.swift */,
				A19834F61CBD52EB0099D815 /* Caja.swift */,
				A19834F81CBD54460099D815 /* CargaCajas.swift */,
				A19834FA1CBD7E810099D815 /* CajaView.swift */,
				A1A0820C1CBD841A001C0AD2 /* Secuencia.swift */,
				A1A0820E1CBD845E001C0AD2 /* TItems.swift */,
				A1A082101CBD8F42001C0AD2 /* CargaTItems.swift */,
				A139AB8A1CBE8C3900A32EFC /* CargaSecuencia.swift */,
				A17788411CBFEBD200BEF5A5 /* VistaLonchera.swift */,
				A19747811CDA7F9600656813 /* Contador.swift */,
				A17788431CBFF0C400BEF5A5 /* Contenedor.swift */,
				A17788451CBFF2EF00BEF5A5 /* LoncheraO.swift */,
				A17788471CC002CE00BEF5A5 /* SubVista.swift */,
				A1A605C61CC8264200FE9AC7 /* ContenedorProductos.swift */,
				A1A605C21CC81BD000FE9AC7 /* PestanasProductos.swift */,
				A1A605C41CC8204900FE9AC7 /* VistaPestana.swift */,
				A17982D71CDCEC9F00558C55 /* TipoInfo.swift */,
				A1ABBFF81CE27ED30098D805 /* PantallaSV.swift */,
				A1857DEB1CE287DF00D6966D /* Calendario.swift */,
				A1857DED1CE28B6200D6966D /* Mes.swift */,
				A17B556E1CE3A0BB00FA2353 /* Semana.swift */,
				A1857DEF1CE28DC800D6966D /* MesScroll.swift */,
				A17B556C1CE3741100FA2353 /* Año.swift */,
				A17B55701CE3D8E500FA2353 /* Dia.swift */,
				A196B5681CE4D19A00DDD816 /* LoncheraView.swift */,
			);
			path = ConsumoSOAP;
			sourceTree = "<group>";
		};
		A102F67E1CA9CCF8001359A5 /* ConsumoSOAPTests */ = {
			isa = PBXGroup;
			children = (
				A102F67F1CA9CCF8001359A5 /* ConsumoSOAPTests.swift */,
				A102F6811CA9CCF8001359A5 /* Info.plist */,
			);
			path = ConsumoSOAPTests;
			sourceTree = "<group>";
		};
/* End PBXGroup section */

/* Begin PBXNativeTarget section */
		A102F6661CA9CCF7001359A5 /* ConsumoSOAP */ = {
			isa = PBXNativeTarget;
			buildConfigurationList = A102F6841CA9CCF8001359A5 /* Build configuration list for PBXNativeTarget "ConsumoSOAP" */;
			buildPhases = (
				A102F6631CA9CCF7001359A5 /* Sources */,
				A102F6641CA9CCF7001359A5 /* Frameworks */,
				A102F6651CA9CCF7001359A5 /* Resources */,
			);
			buildRules = (
			);
			dependencies = (
			);
			name = ConsumoSOAP;
			productName = ConsumoSOAP;
			productReference = A102F6671CA9CCF7001359A5 /* ConsumoSOAP.app */;
			productType = "com.apple.product-type.application";
		};
		A102F67A1CA9CCF8001359A5 /* ConsumoSOAPTests */ = {
			isa = PBXNativeTarget;
			buildConfigurationList = A102F6871CA9CCF8001359A5 /* Build configuration list for PBXNativeTarget "ConsumoSOAPTests" */;
			buildPhases = (
				A102F6771CA9CCF8001359A5 /* Sources */,
				A102F6781CA9CCF8001359A5 /* Frameworks */,
				A102F6791CA9CCF8001359A5 /* Resources */,
			);
			buildRules = (
			);
			dependencies = (
				A102F67D1CA9CCF8001359A5 /* PBXTargetDependency */,
			);
			name = ConsumoSOAPTests;
			productName = ConsumoSOAPTests;
			productReference = A102F67B1CA9CCF8001359A5 /* ConsumoSOAPTests.xctest */;
			productType = "com.apple.product-type.bundle.unit-test";
		};
/* End PBXNativeTarget section */

/* Begin PBXProject section */
		A102F65F1CA9CCF7001359A5 /* Project object */ = {
			isa = PBXProject;
			attributes = {
				LastSwiftUpdateCheck = 0730;
				LastUpgradeCheck = 0730;
				ORGANIZATIONNAME = Edumedio;
				TargetAttributes = {
					A102F6661CA9CCF7001359A5 = {
						CreatedOnToolsVersion = 7.3;
					};
					A102F67A1CA9CCF8001359A5 = {
						CreatedOnToolsVersion = 7.3;
						TestTargetID = A102F6661CA9CCF7001359A5;
					};
				};
			};
			buildConfigurationList = A102F6621CA9CCF7001359A5 /* Build configuration list for PBXProject "ConsumoSOAP" */;
			compatibilityVersion = "Xcode 3.2";
			developmentRegion = English;
			hasScannedForEncodings = 0;
			knownRegions = (
				en,
				Base,
			);
			mainGroup = A102F65E1CA9CCF7001359A5;
			productRefGroup = A102F6681CA9CCF7001359A5 /* Products */;
			projectDirPath = "";
			projectRoot = "";
			targets = (
				A102F6661CA9CCF7001359A5 /* ConsumoSOAP */,
				A102F67A1CA9CCF8001359A5 /* ConsumoSOAPTests */,
			);
		};
/* End PBXProject section */

/* Begin PBXResourcesBuildPhase section */
		A102F6651CA9CCF7001359A5 /* Resources */ = {
			isa = PBXResourcesBuildPhase;
			buildActionMask = 2147483647;
			files = (
				A15BBD0A1CB4452B0043CD9B /* Main.storyboard in Resources */,
				A102F6751CA9CCF7001359A5 /* LaunchScreen.storyboard in Resources */,
				A102F6721CA9CCF7001359A5 /* Assets.xcassets in Resources */,
			);
			runOnlyForDeploymentPostprocessing = 0;
		};
		A102F6791CA9CCF8001359A5 /* Resources */ = {
			isa = PBXResourcesBuildPhase;
			buildActionMask = 2147483647;
			files = (
			);
			runOnlyForDeploymentPostprocessing = 0;
		};
/* End PBXResourcesBuildPhase section */

/* Begin PBXSourcesBuildPhase section */
		A102F6631CA9CCF7001359A5 /* Sources */ = {
			isa = PBXSourcesBuildPhase;
			buildActionMask = 2147483647;
			files = (
				A13603D31CB2D4B10032A19A /* Lonchera.swift in Sources */,
				A17788441CBFF0C400BEF5A5 /* Contenedor.swift in Sources */,
				A13603D51CB2FDD10032A19A /* DeslizadorViewController.swift in Sources */,
				A1A0820D1CBD841A001C0AD2 /* Secuencia.swift in Sources */,
				A1A605C71CC8264200FE9AC7 /* ContenedorProductos.swift in Sources */,
				A102F66D1CA9CCF7001359A5 /* ViewController.swift in Sources */,
				A17B556D1CE3741100FA2353 /* Año.swift in Sources */,
				A19834FB1CBD7E810099D815 /* CajaView.swift in Sources */,
				A15BBD041CB425850043CD9B /* DatosC.swift in Sources */,
				A19834F91CBD54460099D815 /* CargaCajas.swift in Sources */,
				A17982DA1CDCF13100558C55 /* CargaTInfo.swift in Sources */,
				A18878B61CBC055700737085 /* BotonNino.swift in Sources */,
				A1A082111CBD8F42001C0AD2 /* CargaTItems.swift in Sources */,
				A13603CF1CAF20770032A19A /* ProductoView.swift in Sources */,
				A13603C81CAEFB3D0032A19A /* Producto.swift in Sources */,
				A1857DEC1CE287DF00D6966D /* Calendario.swift in Sources */,
				A1ABBFF91CE27ED30098D805 /* PantallaSV.swift in Sources */,
				A17B556F1CE3A0BB00FA2353 /* Semana.swift in Sources */,
				A19747821CDA7F9600656813 /* Contador.swift in Sources */,
				A19834F71CBD52EB0099D815 /* Caja.swift in Sources */,
				A17788461CBFF2EF00BEF5A5 /* LoncheraO.swift in Sources */,
				A17788481CC002CE00BEF5A5 /* SubVista.swift in Sources */,
				A196B5691CE4D19A00DDD816 /* LoncheraView.swift in Sources */,
				A1A605C31CC81BD000FE9AC7 /* PestanasProductos.swift in Sources */,
				A13603C61CAEE6580032A19A /* ConsultaProductos.swift in Sources */,
				A17788421CBFEBD200BEF5A5 /* VistaLonchera.swift in Sources */,
				A19834F51CBD46030099D815 /* Predeterminadas.swift in Sources */,
				A102F66B1CA9CCF7001359A5 /* AppDelegate.swift in Sources */,
				A1A605C51CC8204900FE9AC7 /* VistaPestana.swift in Sources */,
				A18878B41CBC03C600737085 /* VistaNino.swift in Sources */,
				A13603D11CB2C50D0032A19A /* Casilla.swift in Sources */,
				A139AB8B1CBE8C3900A32EFC /* CargaSecuencia.swift in Sources */,
				A1857DF01CE28DC800D6966D /* MesScroll.swift in Sources */,
				A1857DEE1CE28B6200D6966D /* Mes.swift in Sources */,
				A18878B21CBBECB400737085 /* PantallaP.swift in Sources */,
				A17B55711CE3D8E500FA2353 /* Dia.swift in Sources */,
				A18878B81CBC266600737085 /* CreaNino.swift in Sources */,
				A1A0820F1CBD845E001C0AD2 /* TItems.swift in Sources */,
				A17982D81CDCEC9F00558C55 /* TipoInfo.swift in Sources */,
			);
			runOnlyForDeploymentPostprocessing = 0;
		};
		A102F6771CA9CCF8001359A5 /* Sources */ = {
			isa = PBXSourcesBuildPhase;
			buildActionMask = 2147483647;
			files = (
				A102F6801CA9CCF8001359A5 /* ConsumoSOAPTests.swift in Sources */,
			);
			runOnlyForDeploymentPostprocessing = 0;
		};
/* End PBXSourcesBuildPhase section */

/* Begin PBXTargetDependency section */
		A102F67D1CA9CCF8001359A5 /* PBXTargetDependency */ = {
			isa = PBXTargetDependency;
			target = A102F6661CA9CCF7001359A5 /* ConsumoSOAP */;
			targetProxy = A102F67C1CA9CCF8001359A5 /* PBXContainerItemProxy */;
		};
/* End PBXTargetDependency section */

/* Begin PBXVariantGroup section */
		A102F6731CA9CCF7001359A5 /* LaunchScreen.storyboard */ = {
			isa = PBXVariantGroup;
			children = (
				A102F6741CA9CCF7001359A5 /* Base */,
			);
			name = LaunchScreen.storyboard;
			sourceTree = "<group>";
		};
		A15BBD081CB4452B0043CD9B /* Main.storyboard */ = {
			isa = PBXVariantGroup;
			children = (
				A15BBD091CB4452B0043CD9B /* Base */,
			);
			name = Main.storyboard;
			sourceTree = "<group>";
		};
/* End PBXVariantGroup section */

/* Begin XCBuildConfiguration section */
		A102F6821CA9CCF8001359A5 /* Debug */ = {
			isa = XCBuildConfiguration;
			buildSettings = {
				ALWAYS_SEARCH_USER_PATHS = NO;
				CLANG_ANALYZER_NONNULL = YES;
				CLANG_CXX_LANGUAGE_STANDARD = "gnu++0x";
				CLANG_CXX_LIBRARY = "libc++";
				CLANG_ENABLE_MODULES = YES;
				CLANG_ENABLE_OBJC_ARC = YES;
				CLANG_WARN_BOOL_CONVERSION = YES;
				CLANG_WARN_CONSTANT_CONVERSION = YES;
				CLANG_WARN_DIRECT_OBJC_ISA_USAGE = YES_ERROR;
				CLANG_WARN_EMPTY_BODY = YES;
				CLANG_WARN_ENUM_CONVERSION = YES;
				CLANG_WARN_INT_CONVERSION = YES;
				CLANG_WARN_OBJC_ROOT_CLASS = YES_ERROR;
				CLANG_WARN_UNREACHABLE_CODE = YES;
				CLANG_WARN__DUPLICATE_METHOD_MATCH = YES;
				"CODE_SIGN_IDENTITY[sdk=iphoneos*]" = "iPhone Developer";
				COPY_PHASE_STRIP = NO;
				DEBUG_INFORMATION_FORMAT = dwarf;
				ENABLE_STRICT_OBJC_MSGSEND = YES;
				ENABLE_TESTABILITY = YES;
				GCC_C_LANGUAGE_STANDARD = gnu99;
				GCC_DYNAMIC_NO_PIC = NO;
				GCC_NO_COMMON_BLOCKS = YES;
				GCC_OPTIMIZATION_LEVEL = 0;
				GCC_PREPROCESSOR_DEFINITIONS = (
					"DEBUG=1",
					"$(inherited)",
				);
				GCC_WARN_64_TO_32_BIT_CONVERSION = YES;
				GCC_WARN_ABOUT_RETURN_TYPE = YES_ERROR;
				GCC_WARN_UNDECLARED_SELECTOR = YES;
				GCC_WARN_UNINITIALIZED_AUTOS = YES_AGGRESSIVE;
				GCC_WARN_UNUSED_FUNCTION = YES;
				GCC_WARN_UNUSED_VARIABLE = YES;
				IPHONEOS_DEPLOYMENT_TARGET = 9.3;
				MTL_ENABLE_DEBUG_INFO = YES;
				ONLY_ACTIVE_ARCH = YES;
				SDKROOT = iphoneos;
				SWIFT_OPTIMIZATION_LEVEL = "-Onone";
				TARGETED_DEVICE_FAMILY = "1,2";
			};
			name = Debug;
		};
		A102F6831CA9CCF8001359A5 /* Release */ = {
			isa = XCBuildConfiguration;
			buildSettings = {
				ALWAYS_SEARCH_USER_PATHS = NO;
				CLANG_ANALYZER_NONNULL = YES;
				CLANG_CXX_LANGUAGE_STANDARD = "gnu++0x";
				CLANG_CXX_LIBRARY = "libc++";
				CLANG_ENABLE_MODULES = YES;
				CLANG_ENABLE_OBJC_ARC = YES;
				CLANG_WARN_BOOL_CONVERSION = YES;
				CLANG_WARN_CONSTANT_CONVERSION = YES;
				CLANG_WARN_DIRECT_OBJC_ISA_USAGE = YES_ERROR;
				CLANG_WARN_EMPTY_BODY = YES;
				CLANG_WARN_ENUM_CONVERSION = YES;
				CLANG_WARN_INT_CONVERSION = YES;
				CLANG_WARN_OBJC_ROOT_CLASS = YES_ERROR;
				CLANG_WARN_UNREACHABLE_CODE = YES;
				CLANG_WARN__DUPLICATE_METHOD_MATCH = YES;
				"CODE_SIGN_IDENTITY[sdk=iphoneos*]" = "iPhone Developer";
				COPY_PHASE_STRIP = NO;
				DEBUG_INFORMATION_FORMAT = "dwarf-with-dsym";
				ENABLE_NS_ASSERTIONS = NO;
				ENABLE_STRICT_OBJC_MSGSEND = YES;
				GCC_C_LANGUAGE_STANDARD = gnu99;
				GCC_NO_COMMON_BLOCKS = YES;
				GCC_WARN_64_TO_32_BIT_CONVERSION = YES;
				GCC_WARN_ABOUT_RETURN_TYPE = YES_ERROR;
				GCC_WARN_UNDECLARED_SELECTOR = YES;
				GCC_WARN_UNINITIALIZED_AUTOS = YES_AGGRESSIVE;
				GCC_WARN_UNUSED_FUNCTION = YES;
				GCC_WARN_UNUSED_VARIABLE = YES;
				IPHONEOS_DEPLOYMENT_TARGET = 9.3;
				MTL_ENABLE_DEBUG_INFO = NO;
				SDKROOT = iphoneos;
				TARGETED_DEVICE_FAMILY = "1,2";
				VALIDATE_PRODUCT = YES;
			};
			name = Release;
		};
		A102F6851CA9CCF8001359A5 /* Debug */ = {
			isa = XCBuildConfiguration;
			buildSettings = {
				ASSETCATALOG_COMPILER_APPICON_NAME = AppIcon;
				INFOPLIST_FILE = ConsumoSOAP/Info.plist;
				LD_RUNPATH_SEARCH_PATHS = "$(inherited) @executable_path/Frameworks";
				PRODUCT_BUNDLE_IDENTIFIER = com.lunch.ConsumoSOAP;
				PRODUCT_NAME = "$(TARGET_NAME)";
				TARGETED_DEVICE_FAMILY = 1;
			};
			name = Debug;
		};
		A102F6861CA9CCF8001359A5 /* Release */ = {
			isa = XCBuildConfiguration;
			buildSettings = {
				ASSETCATALOG_COMPILER_APPICON_NAME = AppIcon;
				INFOPLIST_FILE = ConsumoSOAP/Info.plist;
				LD_RUNPATH_SEARCH_PATHS = "$(inherited) @executable_path/Frameworks";
				PRODUCT_BUNDLE_IDENTIFIER = com.lunch.ConsumoSOAP;
				PRODUCT_NAME = "$(TARGET_NAME)";
				TARGETED_DEVICE_FAMILY = 1;
			};
			name = Release;
		};
		A102F6881CA9CCF8001359A5 /* Debug */ = {
			isa = XCBuildConfiguration;
			buildSettings = {
				BUNDLE_LOADER = "$(TEST_HOST)";
				INFOPLIST_FILE = ConsumoSOAPTests/Info.plist;
				LD_RUNPATH_SEARCH_PATHS = "$(inherited) @executable_path/Frameworks @loader_path/Frameworks";
				PRODUCT_BUNDLE_IDENTIFIER = com.lunch.ConsumoSOAPTests;
				PRODUCT_NAME = "$(TARGET_NAME)";
				TEST_HOST = "$(BUILT_PRODUCTS_DIR)/ConsumoSOAP.app/ConsumoSOAP";
			};
			name = Debug;
		};
		A102F6891CA9CCF8001359A5 /* Release */ = {
			isa = XCBuildConfiguration;
			buildSettings = {
				BUNDLE_LOADER = "$(TEST_HOST)";
				INFOPLIST_FILE = ConsumoSOAPTests/Info.plist;
				LD_RUNPATH_SEARCH_PATHS = "$(inherited) @executable_path/Frameworks @loader_path/Frameworks";
				PRODUCT_BUNDLE_IDENTIFIER = com.lunch.ConsumoSOAPTests;
				PRODUCT_NAME = "$(TARGET_NAME)";
				TEST_HOST = "$(BUILT_PRODUCTS_DIR)/ConsumoSOAP.app/ConsumoSOAP";
			};
			name = Release;
		};
/* End XCBuildConfiguration section */

/* Begin XCConfigurationList section */
		A102F6621CA9CCF7001359A5 /* Build configuration list for PBXProject "ConsumoSOAP" */ = {
			isa = XCConfigurationList;
			buildConfigurations = (
				A102F6821CA9CCF8001359A5 /* Debug */,
				A102F6831CA9CCF8001359A5 /* Release */,
			);
			defaultConfigurationIsVisible = 0;
			defaultConfigurationName = Release;
		};
		A102F6841CA9CCF8001359A5 /* Build configuration list for PBXNativeTarget "ConsumoSOAP" */ = {
			isa = XCConfigurationList;
			buildConfigurations = (
				A102F6851CA9CCF8001359A5 /* Debug */,
				A102F6861CA9CCF8001359A5 /* Release */,
			);
			defaultConfigurationIsVisible = 0;
			defaultConfigurationName = Release;
		};
		A102F6871CA9CCF8001359A5 /* Build configuration list for PBXNativeTarget "ConsumoSOAPTests" */ = {
			isa = XCConfigurationList;
			buildConfigurations = (
				A102F6881CA9CCF8001359A5 /* Debug */,
				A102F6891CA9CCF8001359A5 /* Release */,
			);
			defaultConfigurationIsVisible = 0;
			defaultConfigurationName = Release;
		};
/* End XCConfigurationList section */
	};
	rootObject = A102F65F1CA9CCF7001359A5 /* Project object */;
}
